// !$*UTF8*$!
{
	archiveVersion = 1;
	classes = {
	};
	objectVersion = 45;
	objects = {

/* Begin PBXBuildFile section */
		8598BA2B143E74CB00FCFD6A /* SubdivisionAlgorithm.cpp in Sources */ = {isa = PBXBuildFile; fileRef = 8598BA2A143E74CB00FCFD6A /* SubdivisionAlgorithm.cpp */; };
		8598BAA6143E831D00FCFD6A /* DMesh.cpp in Sources */ = {isa = PBXBuildFile; fileRef = 8598BAA4143E831D00FCFD6A /* DMesh.cpp */; };
		8598BAE3143E89E000FCFD6A /* Accelerate.framework in Frameworks */ = {isa = PBXBuildFile; fileRef = 8598BAE2143E89E000FCFD6A /* Accelerate.framework */; };
		85B37DD4143E659000A10807 /* PolFile.cpp in Sources */ = {isa = PBXBuildFile; fileRef = 85B37DCF143E659000A10807 /* PolFile.cpp */; };
		85B37DEF143E68A000A10807 /* Mesh.cpp in Sources */ = {isa = PBXBuildFile; fileRef = 85B37DEB143E689F00A10807 /* Mesh.cpp */; };
		85B37DF7143E68E300A10807 /* Vec2.cpp in Sources */ = {isa = PBXBuildFile; fileRef = 85B37DF4143E68E300A10807 /* Vec2.cpp */; };
		85B37DFC143E691E00A10807 /* Math.cpp in Sources */ = {isa = PBXBuildFile; fileRef = 85B37DFA143E691E00A10807 /* Math.cpp */; };
		85B37E11143E6F9500A10807 /* PolyMesh.cpp in Sources */ = {isa = PBXBuildFile; fileRef = 85B37E0F143E6F9500A10807 /* PolyMesh.cpp */; };
		85D5024614329C95006945FD /* Registration.cpp in Sources */ = {isa = PBXBuildFile; fileRef = 85D5024214329C95006945FD /* Registration.cpp */; };
		8DD76F650486A84900D96B5E /* main.cpp in Sources */ = {isa = PBXBuildFile; fileRef = 08FB7796FE84155DC02AAC07 /* main.cpp */; settings = {ATTRIBUTES = (); }; };
/* End PBXBuildFile section */

/* Begin PBXCopyFilesBuildPhase section */
		8DD76F690486A84900D96B5E /* CopyFiles */ = {
			isa = PBXCopyFilesBuildPhase;
			buildActionMask = 8;
			dstPath = /usr/share/man/man1/;
			dstSubfolderSpec = 0;
			files = (
			);
			runOnlyForDeploymentPostprocessing = 1;
		};
/* End PBXCopyFilesBuildPhase section */

/* Begin PBXFileReference section */
		08FB7796FE84155DC02AAC07 /* main.cpp */ = {isa = PBXFileReference; fileEncoding = 4; lastKnownFileType = sourcecode.cpp.cpp; path = main.cpp; sourceTree = "<group>"; };
		8598BA2A143E74CB00FCFD6A /* SubdivisionAlgorithm.cpp */ = {isa = PBXFileReference; fileEncoding = 4; lastKnownFileType = sourcecode.cpp.cpp; path = SubdivisionAlgorithm.cpp; sourceTree = "<group>"; };
		8598BAA4143E831D00FCFD6A /* DMesh.cpp */ = {isa = PBXFileReference; fileEncoding = 4; lastKnownFileType = sourcecode.cpp.cpp; path = DMesh.cpp; sourceTree = "<group>"; };
		8598BAA5143E831D00FCFD6A /* DMesh.hpp */ = {isa = PBXFileReference; fileEncoding = 4; lastKnownFileType = sourcecode.cpp.h; path = DMesh.hpp; sourceTree = "<group>"; };
		8598BAA7143E835E00FCFD6A /* Variant.hpp */ = {isa = PBXFileReference; fileEncoding = 4; lastKnownFileType = sourcecode.cpp.h; path = Variant.hpp; sourceTree = "<group>"; };
		8598BAA8143E837200FCFD6A /* Algorithm.hpp */ = {isa = PBXFileReference; fileEncoding = 4; lastKnownFileType = sourcecode.cpp.h; path = Algorithm.hpp; sourceTree = "<group>"; };
		8598BAE2143E89E000FCFD6A /* Accelerate.framework */ = {isa = PBXFileReference; lastKnownFileType = wrapper.framework; name = Accelerate.framework; path = System/Library/Frameworks/Accelerate.framework; sourceTree = SDKROOT; };
		8598BC53143EBCEC00FCFD6A /* tiny_vector.hpp */ = {isa = PBXFileReference; fileEncoding = 4; lastKnownFileType = sourcecode.cpp.h; path = tiny_vector.hpp; sourceTree = "<group>"; };
		85B37DCF143E659000A10807 /* PolFile.cpp */ = {isa = PBXFileReference; fileEncoding = 4; lastKnownFileType = sourcecode.cpp.cpp; path = PolFile.cpp; sourceTree = "<group>"; };
		85B37DD0143E659000A10807 /* PolFile.hpp */ = {isa = PBXFileReference; fileEncoding = 4; lastKnownFileType = sourcecode.cpp.h; path = PolFile.hpp; sourceTree = "<group>"; };
		85B37DEA143E689F00A10807 /* GeometryTypes.hpp */ = {isa = PBXFileReference; fileEncoding = 4; lastKnownFileType = sourcecode.cpp.h; path = GeometryTypes.hpp; sourceTree = "<group>"; };
		85B37DEB143E689F00A10807 /* Mesh.cpp */ = {isa = PBXFileReference; fileEncoding = 4; lastKnownFileType = sourcecode.cpp.cpp; path = Mesh.cpp; sourceTree = "<group>"; };
		85B37DEC143E68A000A10807 /* Mesh.hpp */ = {isa = PBXFileReference; fileEncoding = 4; lastKnownFileType = sourcecode.cpp.h; path = Mesh.hpp; sourceTree = "<group>"; };
		85B37DF4143E68E300A10807 /* Vec2.cpp */ = {isa = PBXFileReference; fileEncoding = 4; lastKnownFileType = sourcecode.cpp.cpp; path = Vec2.cpp; sourceTree = "<group>"; };
		85B37DF5143E68E300A10807 /* Vec2.hpp */ = {isa = PBXFileReference; fileEncoding = 4; lastKnownFileType = sourcecode.cpp.h; path = Vec2.hpp; sourceTree = "<group>"; };
		85B37DF6143E68E300A10807 /* Vec3.hpp */ = {isa = PBXFileReference; fileEncoding = 4; lastKnownFileType = sourcecode.cpp.h; path = Vec3.hpp; sourceTree = "<group>"; };
		85B37DFA143E691E00A10807 /* Math.cpp */ = {isa = PBXFileReference; fileEncoding = 4; lastKnownFileType = sourcecode.cpp.cpp; path = Math.cpp; sourceTree = "<group>"; };
		85B37DFB143E691E00A10807 /* Math.hpp */ = {isa = PBXFileReference; fileEncoding = 4; lastKnownFileType = sourcecode.cpp.h; path = Math.hpp; sourceTree = "<group>"; };
		85B37DFF143E696000A10807 /* GeometryBuffer.hpp */ = {isa = PBXFileReference; fileEncoding = 4; lastKnownFileType = sourcecode.cpp.h; path = GeometryBuffer.hpp; sourceTree = "<group>"; };
		85B37E02143E69AF00A10807 /* Box3.hpp */ = {isa = PBXFileReference; fileEncoding = 4; lastKnownFileType = sourcecode.cpp.h; path = Box3.hpp; sourceTree = "<group>"; };
		85B37E0F143E6F9500A10807 /* PolyMesh.cpp */ = {isa = PBXFileReference; fileEncoding = 4; lastKnownFileType = sourcecode.cpp.cpp; path = PolyMesh.cpp; sourceTree = "<group>"; };
		85B37E10143E6F9500A10807 /* PolyMesh.hpp */ = {isa = PBXFileReference; fileEncoding = 4; lastKnownFileType = sourcecode.cpp.h; path = PolyMesh.hpp; sourceTree = "<group>"; };
		85D5024214329C95006945FD /* Registration.cpp */ = {isa = PBXFileReference; fileEncoding = 4; lastKnownFileType = sourcecode.cpp.cpp; path = Registration.cpp; sourceTree = "<group>"; };
		85D5024914329E8F006945FD /* SparseArray.hpp */ = {isa = PBXFileReference; fileEncoding = 4; lastKnownFileType = sourcecode.cpp.h; path = SparseArray.hpp; sourceTree = "<group>"; };
		8DD76F6C0486A84900D96B5E /* RegisterAll */ = {isa = PBXFileReference; explicitFileType = "compiled.mach-o.executable"; includeInIndex = 0; path = RegisterAll; sourceTree = BUILT_PRODUCTS_DIR; };
/* End PBXFileReference section */

/* Begin PBXFrameworksBuildPhase section */
		8DD76F660486A84900D96B5E /* Frameworks */ = {
			isa = PBXFrameworksBuildPhase;
			buildActionMask = 2147483647;
			files = (
				8598BAE3143E89E000FCFD6A /* Accelerate.framework in Frameworks */,
			);
			runOnlyForDeploymentPostprocessing = 0;
		};
/* End PBXFrameworksBuildPhase section */

/* Begin PBXGroup section */
		08FB7794FE84155DC02AAC07 /* RegisterAll */ = {
			isa = PBXGroup;
			children = (
				08FB7795FE84155DC02AAC07 /* Source */,
				1AB674ADFE9D54B511CA2CBB /* Products */,
				8598BAE2143E89E000FCFD6A /* Accelerate.framework */,
			);
			name = RegisterAll;
			sourceTree = "<group>";
		};
		08FB7795FE84155DC02AAC07 /* Source */ = {
			isa = PBXGroup;
			children = (
				8598BC53143EBCEC00FCFD6A /* tiny_vector.hpp */,
				8598BAA8143E837200FCFD6A /* Algorithm.hpp */,
				8598BAA7143E835E00FCFD6A /* Variant.hpp */,
				8598BAA4143E831D00FCFD6A /* DMesh.cpp */,
				8598BAA5143E831D00FCFD6A /* DMesh.hpp */,
				8598BA2A143E74CB00FCFD6A /* SubdivisionAlgorithm.cpp */,
				85B37E0F143E6F9500A10807 /* PolyMesh.cpp */,
				85B37E10143E6F9500A10807 /* PolyMesh.hpp */,
				85B37E02143E69AF00A10807 /* Box3.hpp */,
				85B37DFF143E696000A10807 /* GeometryBuffer.hpp */,
				85B37DFA143E691E00A10807 /* Math.cpp */,
				85B37DFB143E691E00A10807 /* Math.hpp */,
				85B37DF4143E68E300A10807 /* Vec2.cpp */,
				85B37DF5143E68E300A10807 /* Vec2.hpp */,
				85B37DF6143E68E300A10807 /* Vec3.hpp */,
				85B37DEA143E689F00A10807 /* GeometryTypes.hpp */,
				85B37DEB143E689F00A10807 /* Mesh.cpp */,
				85B37DEC143E68A000A10807 /* Mesh.hpp */,
				85B37DCF143E659000A10807 /* PolFile.cpp */,
				85B37DD0143E659000A10807 /* PolFile.hpp */,
				85D5024914329E8F006945FD /* SparseArray.hpp */,
				85D5024214329C95006945FD /* Registration.cpp */,
				08FB7796FE84155DC02AAC07 /* main.cpp */,
			);
			name = Source;
			sourceTree = "<group>";
		};
		1AB674ADFE9D54B511CA2CBB /* Products */ = {
			isa = PBXGroup;
			children = (
				8DD76F6C0486A84900D96B5E /* RegisterAll */,
			);
			name = Products;
			sourceTree = "<group>";
		};
/* End PBXGroup section */

/* Begin PBXNativeTarget section */
		8DD76F620486A84900D96B5E /* RegisterAll */ = {
			isa = PBXNativeTarget;
			buildConfigurationList = 1DEB923108733DC60010E9CD /* Build configuration list for PBXNativeTarget "RegisterAll" */;
			buildPhases = (
				8DD76F640486A84900D96B5E /* Sources */,
				8DD76F660486A84900D96B5E /* Frameworks */,
				8DD76F690486A84900D96B5E /* CopyFiles */,
			);
			buildRules = (
			);
			dependencies = (
			);
			name = RegisterAll;
			productInstallPath = "$(HOME)/bin";
			productName = RegisterAll;
			productReference = 8DD76F6C0486A84900D96B5E /* RegisterAll */;
			productType = "com.apple.product-type.tool";
		};
/* End PBXNativeTarget section */

/* Begin PBXProject section */
		08FB7793FE84155DC02AAC07 /* Project object */ = {
			isa = PBXProject;
			buildConfigurationList = 1DEB923508733DC60010E9CD /* Build configuration list for PBXProject "RegisterAll" */;
			compatibilityVersion = "Xcode 3.1";
			developmentRegion = English;
			hasScannedForEncodings = 1;
			knownRegions = (
				English,
				Japanese,
				French,
				German,
			);
			mainGroup = 08FB7794FE84155DC02AAC07 /* RegisterAll */;
			projectDirPath = "";
			projectRoot = "";
			targets = (
				8DD76F620486A84900D96B5E /* RegisterAll */,
			);
		};
/* End PBXProject section */

/* Begin PBXSourcesBuildPhase section */
		8DD76F640486A84900D96B5E /* Sources */ = {
			isa = PBXSourcesBuildPhase;
			buildActionMask = 2147483647;
			files = (
				8DD76F650486A84900D96B5E /* main.cpp in Sources */,
				85D5024614329C95006945FD /* Registration.cpp in Sources */,
				85B37DD4143E659000A10807 /* PolFile.cpp in Sources */,
				85B37DEF143E68A000A10807 /* Mesh.cpp in Sources */,
				85B37DF7143E68E300A10807 /* Vec2.cpp in Sources */,
				85B37DFC143E691E00A10807 /* Math.cpp in Sources */,
				85B37E11143E6F9500A10807 /* PolyMesh.cpp in Sources */,
				8598BA2B143E74CB00FCFD6A /* SubdivisionAlgorithm.cpp in Sources */,
				8598BAA6143E831D00FCFD6A /* DMesh.cpp in Sources */,
			);
			runOnlyForDeploymentPostprocessing = 0;
		};
/* End PBXSourcesBuildPhase section */

/* Begin XCBuildConfiguration section */
		1DEB923208733DC60010E9CD /* Debug */ = {
			isa = XCBuildConfiguration;
			buildSettings = {
				ALWAYS_SEARCH_USER_PATHS = NO;
				COPY_PHASE_STRIP = NO;
				GCC_DYNAMIC_NO_PIC = NO;
				GCC_ENABLE_FIX_AND_CONTINUE = YES;
				GCC_MODEL_TUNING = G5;
				GCC_OPTIMIZATION_LEVEL = 0;
				INSTALL_PATH = /usr/local/bin;
				PRODUCT_NAME = RegisterAll;
			};
			name = Debug;
		};
		1DEB923308733DC60010E9CD /* Release */ = {
			isa = XCBuildConfiguration;
			buildSettings = {
				ALWAYS_SEARCH_USER_PATHS = NO;
				DEBUG_INFORMATION_FORMAT = "dwarf-with-dsym";
				GCC_MODEL_TUNING = G5;
				INSTALL_PATH = /usr/local/bin;
				PRODUCT_NAME = RegisterAll;
			};
			name = Release;
		};
		1DEB923608733DC60010E9CD /* Debug */ = {
			isa = XCBuildConfiguration;
			buildSettings = {
				ARCHS = "$(ARCHS_STANDARD_32_BIT)";
				GCC_C_LANGUAGE_STANDARD = gnu99;
				GCC_OPTIMIZATION_LEVEL = 0;
				GCC_WARN_ABOUT_RETURN_TYPE = YES;
				GCC_WARN_UNUSED_VARIABLE = YES;
				HEADER_SEARCH_PATHS = (
					/Users/atsteffen/Documents/SuperLU_4.2/SRC,
					/Developer/include,
				);
				LIBRARY_SEARCH_PATHS = (
					/Users/atsteffen/Documents/SuperLU_4.2/lib,
					/Developer/lib,
				);
				ONLY_ACTIVE_ARCH = YES;
				OTHER_LDFLAGS = (
					"-lboost_signals",
					"-lsuperlu_4.2",
				);
				PREBINDING = NO;
				SDKROOT = macosx10.6;
				VALID_ARCHS = i386;
			};
			name = Debug;
		};
		1DEB923708733DC60010E9CD /* Release */ = {
			isa = XCBuildConfiguration;
			buildSettings = {
				ARCHS = "$(ARCHS_STANDARD_32_BIT)";
				GCC_C_LANGUAGE_STANDARD = gnu99;
				GCC_WARN_ABOUT_RETURN_TYPE = YES;
				GCC_WARN_UNUSED_VARIABLE = YES;
				HEADER_SEARCH_PATHS = (
					/Users/atsteffen/Documents/SuperLU_4.2/SRC,
					/Developer/include,
				);
				LIBRARY_SEARCH_PATHS = (
					/Users/atsteffen/Documents/SuperLU_4.2/lib,
					/Developer/lib,
				);
				OTHER_LDFLAGS = (
					"-lboost_signals",
					"-lsuperlu_4.2",
				);
				PREBINDING = NO;
				SDKROOT = macosx10.6;
				VALID_ARCHS = i386;
			};
			name = Release;
		};
/* End XCBuildConfiguration section */

/* Begin XCConfigurationList section */
		1DEB923108733DC60010E9CD /* Build configuration list for PBXNativeTarget "RegisterAll" */ = {
			isa = XCConfigurationList;
			buildConfigurations = (
				1DEB923208733DC60010E9CD /* Debug */,
				1DEB923308733DC60010E9CD /* Release */,
			);
			defaultConfigurationIsVisible = 0;
			defaultConfigurationName = Release;
		};
		1DEB923508733DC60010E9CD /* Build configuration list for PBXProject "RegisterAll" */ = {
			isa = XCConfigurationList;
			buildConfigurations = (
				1DEB923608733DC60010E9CD /* Debug */,
				1DEB923708733DC60010E9CD /* Release */,
			);
			defaultConfigurationIsVisible = 0;
			defaultConfigurationName = Release;
		};
/* End XCConfigurationList section */
	};
	rootObject = 08FB7793FE84155DC02AAC07 /* Project object */;
}
